
Microsoft Visual Studio Solution File, Format Version 12.00
# Visual Studio Version 16
VisualStudioVersion = 16.0.29609.76
MinimumVisualStudioVersion = 10.0.40219.1
Project("{FAE04EC0-301F-11D3-BF4B-00C04F79EFBC}") = "BlinkFatigue", "BlinkFatigue.csproj", "{0739E6B9-F50F-494F-8181-C69610E73DC8}"
EndProject
Global
	GlobalSection(SolutionConfigurationPlatforms) = preSolution
		Debug|Any CPU = Debug|Any CPU
		Release|Any CPU = Release|Any CPU
	EndGlobalSection
	GlobalSection(ProjectConfigurationPlatforms) = postSolution
		{0739E6B9-F50F-494F-8181-C69610E73DC8}.Debug|Any CPU.ActiveCfg = Debug|Any CPU
		{0739E6B9-F50F-494F-8181-C69610E73DC8}.Debug|Any CPU.Build.0 = Debug|Any CPU
		{0739E6B9-F50F-494F-8181-C69610E73DC8}.Release|Any CPU.ActiveCfg = Release|Any CPU
		{0739E6B9-F50F-494F-8181-C69610E73DC8}.Release|Any CPU.Build.0 = Release|Any CPU
	EndGlobalSection
	GlobalSection(SolutionProperties) = preSolution
		HideSolutionNode = FALSE
	EndGlobalSection
	GlobalSection(ExtensibilityGlobals) = postSolution
		SolutionGuid = {BE2E285B-6AD4-4CAC-8C31-E015FEC1EA40}
	EndGlobalSection
EndGlobal
